
Microsoft Visual Studio Solution File, Format Version 12.00
# Visual Studio Version 16
VisualStudioVersion = 16.0.31025.194
MinimumVisualStudioVersion = 10.0.40219.1
Project("{FAE04EC0-301F-11D3-BF4B-00C04F79EFBC}") = "TAN.Core.3.1.ConsoleApplication", "TAN.Core.3.1.ConsoleApplication\TAN.Core.3.1.ConsoleApplication.csproj", "{7960BF3E-F157-4AA9-BA98-FC35670072C9}"
EndProject
Global
	GlobalSection(SolutionConfigurationPlatforms) = preSolution
		Debug|Any CPU = Debug|Any CPU
		Release|Any CPU = Release|Any CPU
	EndGlobalSection
	GlobalSection(ProjectConfigurationPlatforms) = postSolution
		{7960BF3E-F157-4AA9-BA98-FC35670072C9}.Debug|Any CPU.ActiveCfg = Debug|Any CPU
		{7960BF3E-F157-4AA9-BA98-FC35670072C9}.Debug|Any CPU.Build.0 = Debug|Any CPU
		{7960BF3E-F157-4AA9-BA98-FC35670072C9}.Release|Any CPU.ActiveCfg = Release|Any CPU
		{7960BF3E-F157-4AA9-BA98-FC35670072C9}.Release|Any CPU.Build.0 = Release|Any CPU
	EndGlobalSection
	GlobalSection(SolutionProperties) = preSolution
		HideSolutionNode = FALSE
	EndGlobalSection
	GlobalSection(ExtensibilityGlobals) = postSolution
		SolutionGuid = {C92E95CD-0467-4D83-A28F-5A5EC25BE238}
	EndGlobalSection
EndGlobal
